
Microsoft Visual Studio Solution File, Format Version 12.00
# Visual Studio Version 16
VisualStudioVersion = 16.0.30907.101
MinimumVisualStudioVersion = 10.0.40219.1
Project("{FAE04EC0-301F-11D3-BF4B-00C04F79EFBC}") = "Week4Linq", "Week4Linq\Week4Linq.csproj", "{DD41158A-B321-46BC-BA21-306D84034EDB}"
EndProject
Global
	GlobalSection(SolutionConfigurationPlatforms) = preSolution
		Debug|Any CPU = Debug|Any CPU
		Release|Any CPU = Release|Any CPU
	EndGlobalSection
	GlobalSection(ProjectConfigurationPlatforms) = postSolution
		{DD41158A-B321-46BC-BA21-306D84034EDB}.Debug|Any CPU.ActiveCfg = Debug|Any CPU
		{DD41158A-B321-46BC-BA21-306D84034EDB}.Debug|Any CPU.Build.0 = Debug|Any CPU
		{DD41158A-B321-46BC-BA21-306D84034EDB}.Release|Any CPU.ActiveCfg = Release|Any CPU
		{DD41158A-B321-46BC-BA21-306D84034EDB}.Release|Any CPU.Build.0 = Release|Any CPU
	EndGlobalSection
	GlobalSection(SolutionProperties) = preSolution
		HideSolutionNode = FALSE
	EndGlobalSection
	GlobalSection(ExtensibilityGlobals) = postSolution
		SolutionGuid = {DD0B3128-4BBF-48EA-A15F-D021840B50A4}
	EndGlobalSection
EndGlobal
